// !$*UTF8*$!
{
	archiveVersion = 1;
	classes = {
	};
	objectVersion = 51;
	objects = {

/* Begin PBXBuildFile section */
		47E57E7F4BEE5AD02E116A05 /* Pods_StevenMVVM.framework in Frameworks */ = {isa = PBXBuildFile; fileRef = AA72C0D28CCDBB11A1014E59 /* Pods_StevenMVVM.framework */; };
		B07F24FF260C371200A31CF7 /* AppDelegate.swift in Sources */ = {isa = PBXBuildFile; fileRef = B07F24FE260C371200A31CF7 /* AppDelegate.swift */; };
		B07F2503260C371300A31CF7 /* ViewController.swift in Sources */ = {isa = PBXBuildFile; fileRef = B07F2502260C371300A31CF7 /* ViewController.swift */; };
		B07F2506260C371300A31CF7 /* Main.storyboard in Resources */ = {isa = PBXBuildFile; fileRef = B07F2504260C371300A31CF7 /* Main.storyboard */; };
		B07F2508260C371600A31CF7 /* Assets.xcassets in Resources */ = {isa = PBXBuildFile; fileRef = B07F2507260C371600A31CF7 /* Assets.xcassets */; };
		B07F250B260C371600A31CF7 /* LaunchScreen.storyboard in Resources */ = {isa = PBXBuildFile; fileRef = B07F2509260C371600A31CF7 /* LaunchScreen.storyboard */; };
		B07F2514260C373F00A31CF7 /* Observable.swift in Sources */ = {isa = PBXBuildFile; fileRef = B07F2513260C373F00A31CF7 /* Observable.swift */; };
		B07F2518260C376900A31CF7 /* HomeCell.xib in Resources */ = {isa = PBXBuildFile; fileRef = B07F2516260C376900A31CF7 /* HomeCell.xib */; };
		B07F2519260C376900A31CF7 /* HomeCell.swift in Sources */ = {isa = PBXBuildFile; fileRef = B07F2517260C376900A31CF7 /* HomeCell.swift */; };
		B07F251C260C377300A31CF7 /* OilModel.swift in Sources */ = {isa = PBXBuildFile; fileRef = B07F251B260C377300A31CF7 /* OilModel.swift */; };
		B07F251F260C391100A31CF7 /* OilViewModel.swift in Sources */ = {isa = PBXBuildFile; fileRef = B07F251E260C391100A31CF7 /* OilViewModel.swift */; };
		B07F2544260C6F1B00A31CF7 /* OilManger.swift in Sources */ = {isa = PBXBuildFile; fileRef = B07F2542260C6F1A00A31CF7 /* OilManger.swift */; };
		B07F2545260C6F1B00A31CF7 /* APIManager.swift in Sources */ = {isa = PBXBuildFile; fileRef = B07F2543260C6F1A00A31CF7 /* APIManager.swift */; };
		B07F2548260C6F2A00A31CF7 /* DataDecoder.swift in Sources */ = {isa = PBXBuildFile; fileRef = B07F2547260C6F2A00A31CF7 /* DataDecoder.swift */; };
		B07F254B260C6FAE00A31CF7 /* LoadingView.swift in Sources */ = {isa = PBXBuildFile; fileRef = B07F254A260C6FAE00A31CF7 /* LoadingView.swift */; };
		B07F254E260C6FC300A31CF7 /* Alert.swift in Sources */ = {isa = PBXBuildFile; fileRef = B07F254D260C6FC300A31CF7 /* Alert.swift */; };
/* End PBXBuildFile section */

/* Begin PBXFileReference section */
		AA72C0D28CCDBB11A1014E59 /* Pods_StevenMVVM.framework */ = {isa = PBXFileReference; explicitFileType = wrapper.framework; includeInIndex = 0; path = Pods_StevenMVVM.framework; sourceTree = BUILT_PRODUCTS_DIR; };
		B07F24FB260C371200A31CF7 /* StevenMVVM.app */ = {isa = PBXFileReference; explicitFileType = wrapper.application; includeInIndex = 0; path = StevenMVVM.app; sourceTree = BUILT_PRODUCTS_DIR; };
		B07F24FE260C371200A31CF7 /* AppDelegate.swift */ = {isa = PBXFileReference; lastKnownFileType = sourcecode.swift; path = AppDelegate.swift; sourceTree = "<group>"; };
		B07F2502260C371300A31CF7 /* ViewController.swift */ = {isa = PBXFileReference; lastKnownFileType = sourcecode.swift; path = ViewController.swift; sourceTree = "<group>"; };
		B07F2505260C371300A31CF7 /* Base */ = {isa = PBXFileReference; lastKnownFileType = file.storyboard; name = Base; path = Base.lproj/Main.storyboard; sourceTree = "<group>"; };
		B07F2507260C371600A31CF7 /* Assets.xcassets */ = {isa = PBXFileReference; lastKnownFileType = folder.assetcatalog; path = Assets.xcassets; sourceTree = "<group>"; };
		B07F250A260C371600A31CF7 /* Base */ = {isa = PBXFileReference; lastKnownFileType = file.storyboard; name = Base; path = Base.lproj/LaunchScreen.storyboard; sourceTree = "<group>"; };
		B07F250C260C371600A31CF7 /* Info.plist */ = {isa = PBXFileReference; lastKnownFileType = text.plist.xml; path = Info.plist; sourceTree = "<group>"; };
		B07F2513260C373F00A31CF7 /* Observable.swift */ = {isa = PBXFileReference; fileEncoding = 4; lastKnownFileType = sourcecode.swift; path = Observable.swift; sourceTree = "<group>"; };
		B07F2516260C376900A31CF7 /* HomeCell.xib */ = {isa = PBXFileReference; fileEncoding = 4; lastKnownFileType = file.xib; path = HomeCell.xib; sourceTree = "<group>"; };
		B07F2517260C376900A31CF7 /* HomeCell.swift */ = {isa = PBXFileReference; fileEncoding = 4; lastKnownFileType = sourcecode.swift; path = HomeCell.swift; sourceTree = "<group>"; };
		B07F251B260C377300A31CF7 /* OilModel.swift */ = {isa = PBXFileReference; fileEncoding = 4; lastKnownFileType = sourcecode.swift; path = OilModel.swift; sourceTree = "<group>"; };
		B07F251E260C391100A31CF7 /* OilViewModel.swift */ = {isa = PBXFileReference; lastKnownFileType = sourcecode.swift; path = OilViewModel.swift; sourceTree = "<group>"; };
		B07F2542260C6F1A00A31CF7 /* OilManger.swift */ = {isa = PBXFileReference; fileEncoding = 4; lastKnownFileType = sourcecode.swift; path = OilManger.swift; sourceTree = "<group>"; };
		B07F2543260C6F1A00A31CF7 /* APIManager.swift */ = {isa = PBXFileReference; fileEncoding = 4; lastKnownFileType = sourcecode.swift; path = APIManager.swift; sourceTree = "<group>"; };
		B07F2547260C6F2A00A31CF7 /* DataDecoder.swift */ = {isa = PBXFileReference; fileEncoding = 4; lastKnownFileType = sourcecode.swift; path = DataDecoder.swift; sourceTree = "<group>"; };
		B07F254A260C6FAE00A31CF7 /* LoadingView.swift */ = {isa = PBXFileReference; fileEncoding = 4; lastKnownFileType = sourcecode.swift; path = LoadingView.swift; sourceTree = "<group>"; };
		B07F254D260C6FC300A31CF7 /* Alert.swift */ = {isa = PBXFileReference; fileEncoding = 4; lastKnownFileType = sourcecode.swift; path = Alert.swift; sourceTree = "<group>"; };
		DC1053CD51F604F5777FB915 /* Pods-StevenMVVM.release.xcconfig */ = {isa = PBXFileReference; includeInIndex = 1; lastKnownFileType = text.xcconfig; name = "Pods-StevenMVVM.release.xcconfig"; path = "Target Support Files/Pods-StevenMVVM/Pods-StevenMVVM.release.xcconfig"; sourceTree = "<group>"; };
		FB8E4BBC4D2EB08181C8C312 /* Pods-StevenMVVM.debug.xcconfig */ = {isa = PBXFileReference; includeInIndex = 1; lastKnownFileType = text.xcconfig; name = "Pods-StevenMVVM.debug.xcconfig"; path = "Target Support Files/Pods-StevenMVVM/Pods-StevenMVVM.debug.xcconfig"; sourceTree = "<group>"; };
/* End PBXFileReference section */

/* Begin PBXFrameworksBuildPhase section */
		B07F24F8260C371200A31CF7 /* Frameworks */ = {
			isa = PBXFrameworksBuildPhase;
			buildActionMask = 2147483647;
			files = (
				47E57E7F4BEE5AD02E116A05 /* Pods_StevenMVVM.framework in Frameworks */,
			);
			runOnlyForDeploymentPostprocessing = 0;
		};
/* End PBXFrameworksBuildPhase section */

/* Begin PBXGroup section */
		34A1E20669FC9DBA89A99139 /* Frameworks */ = {
			isa = PBXGroup;
			children = (
				AA72C0D28CCDBB11A1014E59 /* Pods_StevenMVVM.framework */,
			);
			name = Frameworks;
			sourceTree = "<group>";
		};
		3644A99A231EE5CA46D85046 /* Pods */ = {
			isa = PBXGroup;
			children = (
				FB8E4BBC4D2EB08181C8C312 /* Pods-StevenMVVM.debug.xcconfig */,
				DC1053CD51F604F5777FB915 /* Pods-StevenMVVM.release.xcconfig */,
			);
			path = Pods;
			sourceTree = "<group>";
		};
		B07F24F2260C371200A31CF7 = {
			isa = PBXGroup;
			children = (
				B07F24FD260C371200A31CF7 /* StevenMVVM */,
				B07F24FC260C371200A31CF7 /* Products */,
				3644A99A231EE5CA46D85046 /* Pods */,
				34A1E20669FC9DBA89A99139 /* Frameworks */,
			);
			sourceTree = "<group>";
		};
		B07F24FC260C371200A31CF7 /* Products */ = {
			isa = PBXGroup;
			children = (
				B07F24FB260C371200A31CF7 /* StevenMVVM.app */,
			);
			name = Products;
			sourceTree = "<group>";
		};
		B07F24FD260C371200A31CF7 /* StevenMVVM */ = {
			isa = PBXGroup;
			children = (
				B07F253F260C6EFF00A31CF7 /* API */,
				B07F2527260C3C8600A31CF7 /* Application */,
				B07F2525260C3C3000A31CF7 /* ViewModel */,
				B07F2524260C3C2500A31CF7 /* Model */,
				B07F2523260C3C1600A31CF7 /* View */,
				B07F2522260C3C0F00A31CF7 /* Tools */,
				B07F2526260C3C5300A31CF7 /* Resources */,
			);
			path = StevenMVVM;
			sourceTree = "<group>";
		};
		B07F2522260C3C0F00A31CF7 /* Tools */ = {
			isa = PBXGroup;
			children = (
				B07F254A260C6FAE00A31CF7 /* LoadingView.swift */,
				B07F254D260C6FC300A31CF7 /* Alert.swift */,
				B07F2547260C6F2A00A31CF7 /* DataDecoder.swift */,
				B07F2513260C373F00A31CF7 /* Observable.swift */,
			);
			path = Tools;
			sourceTree = "<group>";
		};
		B07F2523260C3C1600A31CF7 /* View */ = {
			isa = PBXGroup;
			children = (
				B07F2502260C371300A31CF7 /* ViewController.swift */,
				B07F2517260C376900A31CF7 /* HomeCell.swift */,
				B07F2516260C376900A31CF7 /* HomeCell.xib */,
			);
			path = View;
			sourceTree = "<group>";
		};
		B07F2524260C3C2500A31CF7 /* Model */ = {
			isa = PBXGroup;
			children = (
				B07F251B260C377300A31CF7 /* OilModel.swift */,
			);
			path = Model;
			sourceTree = "<group>";
		};
		B07F2525260C3C3000A31CF7 /* ViewModel */ = {
			isa = PBXGroup;
			children = (
				B07F251E260C391100A31CF7 /* OilViewModel.swift */,
			);
			path = ViewModel;
			sourceTree = "<group>";
		};
		B07F2526260C3C5300A31CF7 /* Resources */ = {
			isa = PBXGroup;
			children = (
				B07F2504260C371300A31CF7 /* Main.storyboard */,
				B07F2507260C371600A31CF7 /* Assets.xcassets */,
				B07F2509260C371600A31CF7 /* LaunchScreen.storyboard */,
				B07F250C260C371600A31CF7 /* Info.plist */,
			);
			path = Resources;
			sourceTree = "<group>";
		};
		B07F2527260C3C8600A31CF7 /* Application */ = {
			isa = PBXGroup;
			children = (
				B07F24FE260C371200A31CF7 /* AppDelegate.swift */,
			);
			path = Application;
			sourceTree = "<group>";
		};
		B07F253F260C6EFF00A31CF7 /* API */ = {
			isa = PBXGroup;
			children = (
				B07F2543260C6F1A00A31CF7 /* APIManager.swift */,
				B07F2542260C6F1A00A31CF7 /* OilManger.swift */,
			);
			path = API;
			sourceTree = "<group>";
		};
/* End PBXGroup section */

/* Begin PBXNativeTarget section */
		B07F24FA260C371200A31CF7 /* StevenMVVM */ = {
			isa = PBXNativeTarget;
			buildConfigurationList = B07F250F260C371600A31CF7 /* Build configuration list for PBXNativeTarget "StevenMVVM" */;
			buildPhases = (
				26E035C4F09125B8E51214C9 /* [CP] Check Pods Manifest.lock */,
				B07F24F7260C371200A31CF7 /* Sources */,
				B07F24F8260C371200A31CF7 /* Frameworks */,
				B07F24F9260C371200A31CF7 /* Resources */,
				A9DBE92A9EECDBD3AD6F41D0 /* [CP] Embed Pods Frameworks */,
			);
			buildRules = (
			);
			dependencies = (
			);
			name = StevenMVVM;
			productName = StevenMVVM;
			productReference = B07F24FB260C371200A31CF7 /* StevenMVVM.app */;
			productType = "com.apple.product-type.application";
		};
/* End PBXNativeTarget section */

/* Begin PBXProject section */
		B07F24F3260C371200A31CF7 /* Project object */ = {
			isa = PBXProject;
			attributes = {
				LastSwiftUpdateCheck = 1240;
				LastUpgradeCheck = 1240;
				TargetAttributes = {
					B07F24FA260C371200A31CF7 = {
						CreatedOnToolsVersion = 12.4;
					};
				};
			};
			buildConfigurationList = B07F24F6260C371200A31CF7 /* Build configuration list for PBXProject "StevenMVVM" */;
			compatibilityVersion = "Xcode 9.3";
			developmentRegion = en;
			hasScannedForEncodings = 0;
			knownRegions = (
				en,
				Base,
			);
			mainGroup = B07F24F2260C371200A31CF7;
			productRefGroup = B07F24FC260C371200A31CF7 /* Products */;
			projectDirPath = "";
			projectRoot = "";
			targets = (
				B07F24FA260C371200A31CF7 /* StevenMVVM */,
			);
		};
/* End PBXProject section */

/* Begin PBXResourcesBuildPhase section */
		B07F24F9260C371200A31CF7 /* Resources */ = {
			isa = PBXResourcesBuildPhase;
			buildActionMask = 2147483647;
			files = (
				B07F250B260C371600A31CF7 /* LaunchScreen.storyboard in Resources */,
				B07F2508260C371600A31CF7 /* Assets.xcassets in Resources */,
				B07F2518260C376900A31CF7 /* HomeCell.xib in Resources */,
				B07F2506260C371300A31CF7 /* Main.storyboard in Resources */,
			);
			runOnlyForDeploymentPostprocessing = 0;
		};
/* End PBXResourcesBuildPhase section */

/* Begin PBXShellScriptBuildPhase section */
		26E035C4F09125B8E51214C9 /* [CP] Check Pods Manifest.lock */ = {
			isa = PBXShellScriptBuildPhase;
			buildActionMask = 2147483647;
			files = (
			);
			inputFileListPaths = (
			);
			inputPaths = (
				"${PODS_PODFILE_DIR_PATH}/Podfile.lock",
				"${PODS_ROOT}/Manifest.lock",
			);
			name = "[CP] Check Pods Manifest.lock";
			outputFileListPaths = (
			);
			outputPaths = (
				"$(DERIVED_FILE_DIR)/Pods-StevenMVVM-checkManifestLockResult.txt",
			);
			runOnlyForDeploymentPostprocessing = 0;
			shellPath = /bin/sh;
			shellScript = "diff \"${PODS_PODFILE_DIR_PATH}/Podfile.lock\" \"${PODS_ROOT}/Manifest.lock\" > /dev/null\nif [ $? != 0 ] ; then\n    # print error to STDERR\n    echo \"error: The sandbox is not in sync with the Podfile.lock. Run 'pod install' or update your CocoaPods installation.\" >&2\n    exit 1\nfi\n# This output is used by Xcode 'outputs' to avoid re-running this script phase.\necho \"SUCCESS\" > \"${SCRIPT_OUTPUT_FILE_0}\"\n";
			showEnvVarsInLog = 0;
		};
		A9DBE92A9EECDBD3AD6F41D0 /* [CP] Embed Pods Frameworks */ = {
			isa = PBXShellScriptBuildPhase;
			buildActionMask = 2147483647;
			files = (
			);
			inputFileListPaths = (
				"${PODS_ROOT}/Target Support Files/Pods-StevenMVVM/Pods-StevenMVVM-frameworks-${CONFIGURATION}-input-files.xcfilelist",
			);
			name = "[CP] Embed Pods Frameworks";
			outputFileListPaths = (
				"${PODS_ROOT}/Target Support Files/Pods-StevenMVVM/Pods-StevenMVVM-frameworks-${CONFIGURATION}-output-files.xcfilelist",
			);
			runOnlyForDeploymentPostprocessing = 0;
			shellPath = /bin/sh;
			shellScript = "\"${PODS_ROOT}/Target Support Files/Pods-StevenMVVM/Pods-StevenMVVM-frameworks.sh\"\n";
			showEnvVarsInLog = 0;
		};
/* End PBXShellScriptBuildPhase section */

/* Begin PBXSourcesBuildPhase section */
		B07F24F7260C371200A31CF7 /* Sources */ = {
			isa = PBXSourcesBuildPhase;
			buildActionMask = 2147483647;
			files = (
				B07F2545260C6F1B00A31CF7 /* APIManager.swift in Sources */,
				B07F2503260C371300A31CF7 /* ViewController.swift in Sources */,
				B07F2514260C373F00A31CF7 /* Observable.swift in Sources */,
				B07F254B260C6FAE00A31CF7 /* LoadingView.swift in Sources */,
				B07F2548260C6F2A00A31CF7 /* DataDecoder.swift in Sources */,
				B07F2519260C376900A31CF7 /* HomeCell.swift in Sources */,
				B07F2544260C6F1B00A31CF7 /* OilManger.swift in Sources */,
				B07F251C260C377300A31CF7 /* OilModel.swift in Sources */,
				B07F254E260C6FC300A31CF7 /* Alert.swift in Sources */,
				B07F24FF260C371200A31CF7 /* AppDelegate.swift in Sources */,
				B07F251F260C391100A31CF7 /* OilViewModel.swift in Sources */,
			);
			runOnlyForDeploymentPostprocessing = 0;
		};
/* End PBXSourcesBuildPhase section */

/* Begin PBXVariantGroup section */
		B07F2504260C371300A31CF7 /* Main.storyboard */ = {
			isa = PBXVariantGroup;
			children = (
				B07F2505260C371300A31CF7 /* Base */,
			);
			name = Main.storyboard;
			sourceTree = "<group>";
		};
		B07F2509260C371600A31CF7 /* LaunchScreen.storyboard */ = {
			isa = PBXVariantGroup;
			children = (
				B07F250A260C371600A31CF7 /* Base */,
			);
			name = LaunchScreen.storyboard;
			sourceTree = "<group>";
		};
/* End PBXVariantGroup section */

/* Begin XCBuildConfiguration section */
		B07F250D260C371600A31CF7 /* Debug */ = {
			isa = XCBuildConfiguration;
			buildSettings = {
				ALWAYS_SEARCH_USER_PATHS = NO;
				CLANG_ANALYZER_NONNULL = YES;
				CLANG_ANALYZER_NUMBER_OBJECT_CONVERSION = YES_AGGRESSIVE;
				CLANG_CXX_LANGUAGE_STANDARD = "gnu++14";
				CLANG_CXX_LIBRARY = "libc++";
				CLANG_ENABLE_MODULES = YES;
				CLANG_ENABLE_OBJC_ARC = YES;
				CLANG_ENABLE_OBJC_WEAK = YES;
				CLANG_WARN_BLOCK_CAPTURE_AUTORELEASING = YES;
				CLANG_WARN_BOOL_CONVERSION = YES;
				CLANG_WARN_COMMA = YES;
				CLANG_WARN_CONSTANT_CONVERSION = YES;
				CLANG_WARN_DEPRECATED_OBJC_IMPLEMENTATIONS = YES;
				CLANG_WARN_DIRECT_OBJC_ISA_USAGE = YES_ERROR;
				CLANG_WARN_DOCUMENTATION_COMMENTS = YES;
				CLANG_WARN_EMPTY_BODY = YES;
				CLANG_WARN_ENUM_CONVERSION = YES;
				CLANG_WARN_INFINITE_RECURSION = YES;
				CLANG_WARN_INT_CONVERSION = YES;
				CLANG_WARN_NON_LITERAL_NULL_CONVERSION = YES;
				CLANG_WARN_OBJC_IMPLICIT_RETAIN_SELF = YES;
				CLANG_WARN_OBJC_LITERAL_CONVERSION = YES;
				CLANG_WARN_OBJC_ROOT_CLASS = YES_ERROR;
				CLANG_WARN_QUOTED_INCLUDE_IN_FRAMEWORK_HEADER = YES;
				CLANG_WARN_RANGE_LOOP_ANALYSIS = YES;
				CLANG_WARN_STRICT_PROTOTYPES = YES;
				CLANG_WARN_SUSPICIOUS_MOVE = YES;
				CLANG_WARN_UNGUARDED_AVAILABILITY = YES_AGGRESSIVE;
				CLANG_WARN_UNREACHABLE_CODE = YES;
				CLANG_WARN__DUPLICATE_METHOD_MATCH = YES;
				COPY_PHASE_STRIP = NO;
				DEBUG_INFORMATION_FORMAT = dwarf;
				ENABLE_STRICT_OBJC_MSGSEND = YES;
				ENABLE_TESTABILITY = YES;
				GCC_C_LANGUAGE_STANDARD = gnu11;
				GCC_DYNAMIC_NO_PIC = NO;
				GCC_NO_COMMON_BLOCKS = YES;
				GCC_OPTIMIZATION_LEVEL = 0;
				GCC_PREPROCESSOR_DEFINITIONS = (
					"DEBUG=1",
					"$(inherited)",
				);
				GCC_WARN_64_TO_32_BIT_CONVERSION = YES;
				GCC_WARN_ABOUT_RETURN_TYPE = YES_ERROR;
				GCC_WARN_UNDECLARED_SELECTOR = YES;
				GCC_WARN_UNINITIALIZED_AUTOS = YES_AGGRESSIVE;
				GCC_WARN_UNUSED_FUNCTION = YES;
				GCC_WARN_UNUSED_VARIABLE = YES;
				IPHONEOS_DEPLOYMENT_TARGET = 14.4;
				MTL_ENABLE_DEBUG_INFO = INCLUDE_SOURCE;
				MTL_FAST_MATH = YES;
				ONLY_ACTIVE_ARCH = YES;
				SDKROOT = iphoneos;
				SWIFT_ACTIVE_COMPILATION_CONDITIONS = DEBUG;
				SWIFT_OPTIMIZATION_LEVEL = "-Onone";
			};
			name = Debug;
		};
		B07F250E260C371600A31CF7 /* Release */ = {
			isa = XCBuildConfiguration;
			buildSettings = {
				ALWAYS_SEARCH_USER_PATHS = NO;
				CLANG_ANALYZER_NONNULL = YES;
				CLANG_ANALYZER_NUMBER_OBJECT_CONVERSION = YES_AGGRESSIVE;
				CLANG_CXX_LANGUAGE_STANDARD = "gnu++14";
				CLANG_CXX_LIBRARY = "libc++";
				CLANG_ENABLE_MODULES = YES;
				CLANG_ENABLE_OBJC_ARC = YES;
				CLANG_ENABLE_OBJC_WEAK = YES;
				CLANG_WARN_BLOCK_CAPTURE_AUTORELEASING = YES;
				CLANG_WARN_BOOL_CONVERSION = YES;
				CLANG_WARN_COMMA = YES;
				CLANG_WARN_CONSTANT_CONVERSION = YES;
				CLANG_WARN_DEPRECATED_OBJC_IMPLEMENTATIONS = YES;
				CLANG_WARN_DIRECT_OBJC_ISA_USAGE = YES_ERROR;
				CLANG_WARN_DOCUMENTATION_COMMENTS = YES;
				CLANG_WARN_EMPTY_BODY = YES;
				CLANG_WARN_ENUM_CONVERSION = YES;
				CLANG_WARN_INFINITE_RECURSION = YES;
				CLANG_WARN_INT_CONVERSION = YES;
				CLANG_WARN_NON_LITERAL_NULL_CONVERSION = YES;
				CLANG_WARN_OBJC_IMPLICIT_RETAIN_SELF = YES;
				CLANG_WARN_OBJC_LITERAL_CONVERSION = YES;
				CLANG_WARN_OBJC_ROOT_CLASS = YES_ERROR;
				CLANG_WARN_QUOTED_INCLUDE_IN_FRAMEWORK_HEADER = YES;
				CLANG_WARN_RANGE_LOOP_ANALYSIS = YES;
				CLANG_WARN_STRICT_PROTOTYPES = YES;
				CLANG_WARN_SUSPICIOUS_MOVE = YES;
				CLANG_WARN_UNGUARDED_AVAILABILITY = YES_AGGRESSIVE;
				CLANG_WARN_UNREACHABLE_CODE = YES;
				CLANG_WARN__DUPLICATE_METHOD_MATCH = YES;
				COPY_PHASE_STRIP = NO;
				DEBUG_INFORMATION_FORMAT = "dwarf-with-dsym";
				ENABLE_NS_ASSERTIONS = NO;
				ENABLE_STRICT_OBJC_MSGSEND = YES;
				GCC_C_LANGUAGE_STANDARD = gnu11;
				GCC_NO_COMMON_BLOCKS = YES;
				GCC_WARN_64_TO_32_BIT_CONVERSION = YES;
				GCC_WARN_ABOUT_RETURN_TYPE = YES_ERROR;
				GCC_WARN_UNDECLARED_SELECTOR = YES;
				GCC_WARN_UNINITIALIZED_AUTOS = YES_AGGRESSIVE;
				GCC_WARN_UNUSED_FUNCTION = YES;
				GCC_WARN_UNUSED_VARIABLE = YES;
				IPHONEOS_DEPLOYMENT_TARGET = 14.4;
				MTL_ENABLE_DEBUG_INFO = NO;
				MTL_FAST_MATH = YES;
				SDKROOT = iphoneos;
				SWIFT_COMPILATION_MODE = wholemodule;
				SWIFT_OPTIMIZATION_LEVEL = "-O";
				VALIDATE_PRODUCT = YES;
			};
			name = Release;
		};
		B07F2510260C371600A31CF7 /* Debug */ = {
			isa = XCBuildConfiguration;
			baseConfigurationReference = FB8E4BBC4D2EB08181C8C312 /* Pods-StevenMVVM.debug.xcconfig */;
			buildSettings = {
				ASSETCATALOG_COMPILER_APPICON_NAME = AppIcon;
				ASSETCATALOG_COMPILER_GLOBAL_ACCENT_COLOR_NAME = AccentColor;
				CODE_SIGN_STYLE = Automatic;
				DEVELOPMENT_TEAM = 8QA8PGEZ59;
				INFOPLIST_FILE = StevenMVVM/Resources/Info.plist;
				LD_RUNPATH_SEARCH_PATHS = (
					"$(inherited)",
					"@executable_path/Frameworks",
				);
				PRODUCT_BUNDLE_IDENTIFIER = com.test.StevenMVVM;
				PRODUCT_NAME = "$(TARGET_NAME)";
				SWIFT_VERSION = 5.0;
				TARGETED_DEVICE_FAMILY = "1,2";
			};
			name = Debug;
		};
		B07F2511260C371600A31CF7 /* Release */ = {
			isa = XCBuildConfiguration;
			baseConfigurationReference = DC1053CD51F604F5777FB915 /* Pods-StevenMVVM.release.xcconfig */;
			buildSettings = {
				ASSETCATALOG_COMPILER_APPICON_NAME = AppIcon;
				ASSETCATALOG_COMPILER_GLOBAL_ACCENT_COLOR_NAME = AccentColor;
				CODE_SIGN_STYLE = Automatic;
				DEVELOPMENT_TEAM = 8QA8PGEZ59;
				INFOPLIST_FILE = StevenMVVM/Resources/Info.plist;
				LD_RUNPATH_SEARCH_PATHS = (
					"$(inherited)",
					"@executable_path/Frameworks",
				);
				PRODUCT_BUNDLE_IDENTIFIER = com.test.StevenMVVM;
				PRODUCT_NAME = "$(TARGET_NAME)";
				SWIFT_VERSION = 5.0;
				TARGETED_DEVICE_FAMILY = "1,2";
			};
			name = Release;
		};
/* End XCBuildConfiguration section */

/* Begin XCConfigurationList section */
		B07F24F6260C371200A31CF7 /* Build configuration list for PBXProject "StevenMVVM" */ = {
			isa = XCConfigurationList;
			buildConfigurations = (
				B07F250D260C371600A31CF7 /* Debug */,
				B07F250E260C371600A31CF7 /* Release */,
			);
			defaultConfigurationIsVisible = 0;
			defaultConfigurationName = Release;
		};
		B07F250F260C371600A31CF7 /* Build configuration list for PBXNativeTarget "StevenMVVM" */ = {
			isa = XCConfigurationList;
			buildConfigurations = (
				B07F2510260C371600A31CF7 /* Debug */,
				B07F2511260C371600A31CF7 /* Release */,
			);
			defaultConfigurationIsVisible = 0;
			defaultConfigurationName = Release;
		};
/* End XCConfigurationList section */
	};
	rootObject = B07F24F3260C371200A31CF7 /* Project object */;
}
